{
    "_readme": [
        "This file locks the dependencies of your project to a known state",
        "Read more about it at https://getcomposer.org/doc/01-basic-usage.md#composer-lock-the-lock-file",
        "This file is @generated automatically"
    ],
    "hash": "9d6a5a6673e5f876528fee795b59d3c4",
    "content-hash": "8645a65c451d1f992df4d53451dc8013",
    "packages": [
        {
            "name": "amphp/amp",
            "version": "v1.2.2",
            "source": {
                "type": "git",
                "url": "https://github.com/amphp/amp.git",
                "reference": "4f2161da5f68f274f116985635aea63b5c0f54d2"
            },
            "dist": {
                "type": "zip",
                "url": "https://api.github.com/repos/amphp/amp/zipball/4f2161da5f68f274f116985635aea63b5c0f54d2",
                "reference": "4f2161da5f68f274f116985635aea63b5c0f54d2",
                "shasum": ""
            },
            "require": {
                "php": ">=5.5"
            },
            "require-dev": {
                "fabpot/php-cs-fixer": "~1.9",
                "phpunit/phpunit": "~4.8"
            },
            "type": "library",
            "extra": {
                "branch-alias": {
                    "dev-master": "1.0.x-dev"
                }
            },
            "autoload": {
                "psr-4": {
                    "Amp\\": "lib/"
                },
                "files": [
                    "lib/functions.php"
                ]
            },
            "notification-url": "https://packagist.org/downloads/",
            "license": [
                "MIT"
            ],
            "authors": [
                {
                    "name": "Daniel Lowrey",
                    "email": "rdlowrey@php.net",
                    "role": "Creator / Lead Developer"
                }
            ],
            "description": "A non-blocking concurrency framework for PHP applications",
            "homepage": "https://github.com/amphp/amp",
            "keywords": [
                "async",
                "concurrency",
                "event",
                "non-blocking",
                "promise"
            ],
            "time": "2016-05-12 12:54:59"
        },
        {
            "name": "amphp/artax",
            "version": "v2.0.7",
            "source": {
                "type": "git",
                "url": "https://github.com/amphp/artax.git",
                "reference": "79d897c6c9616aaf74ce69027d3b8e9a176455c3"
            },
            "dist": {
                "type": "zip",
                "url": "https://api.github.com/repos/amphp/artax/zipball/79d897c6c9616aaf74ce69027d3b8e9a176455c3",
                "reference": "79d897c6c9616aaf74ce69027d3b8e9a176455c3",
                "shasum": ""
            },
            "require": {
                "amphp/amp": "^1",
                "amphp/socket": "^0.9",
                "php": ">=5.5.0"
            },
            "require-dev": {
                "friendsofphp/php-cs-fixer": "~1.9",
                "phpunit/phpunit": "~4.8"
            },
            "type": "library",
            "extra": {
                "branch-alias": {
                    "dev-master": "2.x-dev",
                    "dev-1.x": "1.x-dev"
                }
            },
            "autoload": {
                "psr-4": {
                    "Amp\\Artax\\": "lib/"
                }
            },
            "notification-url": "https://packagist.org/downloads/",
            "license": [
                "MIT"
            ],
            "authors": [
                {
                    "name": "Daniel Lowrey",
                    "email": "rdlowrey@gmail.com",
                    "role": "Creator / Lead Developer"
                }
            ],
            "description": "Asynchronous parallel HTTP/1.1 client built on the Amp concurrency framework",
            "homepage": "https://github.com/amphp/artax",
            "keywords": [
                "async",
                "client",
                "http",
                "non-blocking",
                "parallel",
                "rest"
            ],
            "time": "2017-07-13 19:47:16"
        },
        {
            "name": "amphp/cache",
            "version": "v0.1.0",
            "source": {
                "type": "git",
                "url": "https://github.com/amphp/cache.git",
                "reference": "26709c198dcee686557801eda6d9345f3cfa8874"
            },
            "dist": {
                "type": "zip",
                "url": "https://api.github.com/repos/amphp/cache/zipball/26709c198dcee686557801eda6d9345f3cfa8874",
                "reference": "26709c198dcee686557801eda6d9345f3cfa8874",
                "shasum": ""
            },
            "require": {
                "amphp/amp": "^1"
            },
            "require-dev": {
                "fabpot/php-cs-fixer": "~1.9",
                "phpunit/phpunit": "~4.8"
            },
            "suggest": {
                "amphp/redis": "For redis cache driver support"
            },
            "type": "library",
            "autoload": {
                "psr-4": {
                    "Amp\\Cache\\": "lib/"
                }
            },
            "notification-url": "https://packagist.org/downloads/",
            "license": [
                "MIT"
            ],
            "authors": [
                {
                    "name": "Niklas Keller",
                    "email": "me@kelunik.com"
                },
                {
                    "name": "Daniel Lowrey",
                    "email": "rdlowrey@php.net"
                }
            ],
            "description": "A promise-aware caching API built on the amp concurrency framework",
            "homepage": "https://github.com/amphp/cache",
            "time": "2015-09-08 22:26:20"
        },
        {
            "name": "amphp/dns",
            "version": "v0.8.15",
            "source": {
                "type": "git",
                "url": "https://github.com/amphp/dns.git",
                "reference": "70441dab2086dc3d627a593a9c022d3959130eba"
            },
            "dist": {
                "type": "zip",
                "url": "https://api.github.com/repos/amphp/dns/zipball/70441dab2086dc3d627a593a9c022d3959130eba",
                "reference": "70441dab2086dc3d627a593a9c022d3959130eba",
                "shasum": ""
            },
            "require": {
                "amphp/amp": "^1",
                "amphp/cache": "^0.1",
                "amphp/file": "^0.1",
                "amphp/windows-registry": "^0.2.2",
                "daverandom/libdns": "^1",
                "php": ">=5.5"
            },
            "require-dev": {
                "friendsofphp/php-cs-fixer": "^1.9",
                "phpunit/php-code-coverage": ">=2.2",
                "phpunit/phpunit": "^4.8|^5.1.3"
            },
            "type": "library",
            "autoload": {
                "psr-4": {
                    "Amp\\Dns\\": "lib"
                },
                "files": [
                    "lib/constants.php",
                    "lib/functions.php"
                ]
            },
            "notification-url": "https://packagist.org/downloads/",
            "license": [
                "MIT"
            ],
            "authors": [
                {
                    "name": "Bob Weinand",
                    "email": "bobwei9@hotmail.com"
                },
                {
                    "name": "Niklas Keller",
                    "email": "me@kelunik.com"
                },
                {
                    "name": "Daniel Lowrey",
                    "email": "rdlowrey@php.net"
                },
                {
                    "name": "Chris Wright",
                    "email": "addr@daverandom.com"
                }
            ],
            "description": "Async DNS resolution built on the amp concurrency framework",
            "homepage": "https://github.com/amphp/dns",
            "keywords": [
                "amp",
                "async",
                "client",
                "dns",
                "resolve"
            ],
            "time": "2017-07-12 16:03:14"
        },
        {
            "name": "amphp/file",
            "version": "v0.1.3",
            "source": {
                "type": "git",
                "url": "https://github.com/amphp/file.git",
                "reference": "6612ae6757d4719492ed8b34ea6181ff67cfbed1"
            },
            "dist": {
                "type": "zip",
                "url": "https://api.github.com/repos/amphp/file/zipball/6612ae6757d4719492ed8b34ea6181ff67cfbed1",
                "reference": "6612ae6757d4719492ed8b34ea6181ff67cfbed1",
                "shasum": ""
            },
            "require": {
                "amphp/amp": "^1",
                "php": ">=5.5"
            },
            "require-dev": {
                "friendsofphp/php-cs-fixer": "~1.9",
                "phpunit/phpunit": "~4.8"
            },
            "type": "library",
            "extra": {
                "branch-alias": {
                    "dev-master": "0.1.0-dev",
                    "dev-amp_v2": "0.2.0-dev"
                }
            },
            "autoload": {
                "psr-4": {
                    "Amp\\File\\": "lib"
                },
                "files": [
                    "lib/functions.php"
                ]
            },
            "notification-url": "https://packagist.org/downloads/",
            "license": [
                "MIT"
            ],
            "authors": [
                {
                    "name": "Daniel Lowrey",
                    "email": "rdlowrey@php.net"
                }
            ],
            "description": "An async filesystem library built on the amp concurrency framework",
            "homepage": "https://github.com/amphp/file",
            "keywords": [
                "amp",
                "amphp",
                "async",
                "disk",
                "file",
                "non-blocking",
                "static"
            ],
            "time": "2016-10-01 17:43:52"
        },
        {
            "name": "amphp/process",
            "version": "v0.1.3",
            "source": {
                "type": "git",
                "url": "https://github.com/amphp/process.git",
                "reference": "f22cca2af36e442b771c0de2e24e8025550d8ffc"
            },
            "dist": {
                "type": "zip",
                "url": "https://api.github.com/repos/amphp/process/zipball/f22cca2af36e442b771c0de2e24e8025550d8ffc",
                "reference": "f22cca2af36e442b771c0de2e24e8025550d8ffc",
                "shasum": ""
            },
            "require": {
                "amphp/amp": "^1"
            },
            "require-dev": {
                "fabpot/php-cs-fixer": "~1.9",
                "phpunit/phpunit": "^4.8"
            },
            "type": "library",
            "autoload": {
                "classmap": [
                    {
                        "Amp\\Process": "Process.php"
                    }
                ]
            },
            "notification-url": "https://packagist.org/downloads/",
            "license": [
                "MIT"
            ],
            "authors": [
                {
                    "name": "Bob Weinand",
                    "email": "bobwei9@hotmail.com"
                }
            ],
            "description": "Asynchronous process manager",
            "homepage": "https://github.com/amphp/process",
            "time": "2016-09-24 10:49:26"
        },
        {
            "name": "amphp/socket",
            "version": "v0.9.9",
            "source": {
                "type": "git",
                "url": "https://github.com/amphp/socket.git",
                "reference": "722614608c1de7099661187fad4e15c876816db1"
            },
            "dist": {
                "type": "zip",
                "url": "https://api.github.com/repos/amphp/socket/zipball/722614608c1de7099661187fad4e15c876816db1",
                "reference": "722614608c1de7099661187fad4e15c876816db1",
                "shasum": ""
            },
            "require": {
                "amphp/amp": "^1",
                "amphp/dns": "^0.8",
                "php": ">=5.5"
            },
            "require-dev": {
                "fabpot/php-cs-fixer": "~1.9",
                "phpunit/phpunit": "~4.8"
            },
            "type": "library",
            "autoload": {
                "psr-4": {
                    "Amp\\Socket\\": "lib/"
                },
                "files": [
                    "lib/functions.php"
                ]
            },
            "notification-url": "https://packagist.org/downloads/",
            "license": [
                "MIT"
            ],
            "authors": [
                {
                    "name": "Daniel Lowrey",
                    "email": "rdlowrey@gmail.com"
                }
            ],
            "description": "Async socket connection tools for the amp concurrency framework",
            "homepage": "https://github.com/amphp/socket",
            "keywords": [
                "amp",
                "async",
                "encryption",
                "non-blocking",
                "sockets",
                "tcp",
                "tls"
            ],
            "time": "2016-07-18 22:03:24"
        },
        {
            "name": "amphp/windows-registry",
            "version": "v0.2.2",
            "source": {
                "type": "git",
                "url": "https://github.com/amphp/windows-registry.git",
                "reference": "e4420eb368008c8fe81c0b481506306272cc3d21"
            },
            "dist": {
                "type": "zip",
                "url": "https://api.github.com/repos/amphp/windows-registry/zipball/e4420eb368008c8fe81c0b481506306272cc3d21",
                "reference": "e4420eb368008c8fe81c0b481506306272cc3d21",
                "shasum": ""
            },
            "require": {
                "amphp/amp": "^1.2",
                "amphp/process": "^0.1.3",
                "php": ">=5.5"
            },
            "type": "library",
            "autoload": {
                "psr-4": {
                    "Amp\\WindowsRegistry\\": "src"
                }
            },
            "notification-url": "https://packagist.org/downloads/",
            "license": [
                "MIT"
            ],
            "authors": [
                {
                    "name": "Niklas Keller",
                    "email": "me@kelunik.com"
                }
            ],
            "description": "Windows Registry Reader.",
            "time": "2017-01-04 23:52:31"
        },
        {
            "name": "daverandom/libdns",
            "version": "v1.1.0",
            "source": {
                "type": "git",
                "url": "https://github.com/DaveRandom/LibDNS.git",
                "reference": "67de5497e84d179dffc089c5eb6a1945eb4e9460"
            },
            "dist": {
                "type": "zip",
                "url": "https://api.github.com/repos/DaveRandom/LibDNS/zipball/67de5497e84d179dffc089c5eb6a1945eb4e9460",
                "reference": "67de5497e84d179dffc089c5eb6a1945eb4e9460",
                "shasum": ""
            },
            "require": {
                "php": ">=5.4.0"
            },
            "type": "library",
            "autoload": {
                "psr-4": {
                    "LibDNS\\": "src/"
                }
            },
            "notification-url": "https://packagist.org/downloads/",
            "license": [
                "MIT"
            ],
            "description": "DNS protocol implementation written in pure PHP",
            "keywords": [
                "dns"
            ],
            "time": "2016-04-29 20:47:45"
        },
        {
            "name": "kelunik/acme",
            "version": "v0.3.3",
            "source": {
                "type": "git",
                "url": "https://github.com/kelunik/acme.git",
                "reference": "69a94a00e6c02f57a051ec962bdd1fc9649a96dd"
            },
            "dist": {
                "type": "zip",
                "url": "https://api.github.com/repos/kelunik/acme/zipball/69a94a00e6c02f57a051ec962bdd1fc9649a96dd",
                "reference": "69a94a00e6c02f57a051ec962bdd1fc9649a96dd",
                "shasum": ""
            },
            "require": {
                "amphp/artax": "^2",
                "namshi/jose": "^6",
                "sabre/uri": "^1"
            },
            "require-dev": {
                "fabpot/php-cs-fixer": "^1.9",
                "phpdocumentor/phpdocumentor": "^2",
                "phpunit/phpunit": "^5"
            },
            "type": "library",
            "extra": {
                "branch-alias": {
                    "dev-master": "0.3-dev"
                }
            },
            "autoload": {
                "psr-4": {
                    "Kelunik\\Acme\\": "lib"
                }
            },
            "notification-url": "https://packagist.org/downloads/",
            "license": [
                "MIT"
            ],
            "authors": [
                {
                    "name": "Niklas Keller",
                    "email": "me@kelunik.com"
                }
            ],
            "description": "ACME library written in PHP.",
            "keywords": [
                "ACME",
                "certificate",
                "encryption",
                "https",
                "letsencrypt",
                "ssl",
                "tls"
            ],
            "time": "2016-03-23 19:49:15"
        },
        {
            "name": "kelunik/acme-client",
            "version": "v0.2.14",
            "source": {
                "type": "git",
                "url": "https://github.com/kelunik/acme-client.git",
                "reference": "f4cabf755b0615ef1e33a0efbbfdeb2a8081cc33"
            },
            "dist": {
                "type": "zip",
                "url": "https://api.github.com/repos/kelunik/acme-client/zipball/f4cabf755b0615ef1e33a0efbbfdeb2a8081cc33",
                "reference": "f4cabf755b0615ef1e33a0efbbfdeb2a8081cc33",
                "shasum": ""
            },
            "require": {
                "amphp/process": "^0.1.1",
                "ext-openssl": "*",
                "kelunik/acme": "^0.3",
                "kelunik/certificate": "^1",
                "league/climate": "^3",
                "php": "^5.5|^7",
                "rdlowrey/auryn": "^1",
                "symfony/yaml": "^3.0",
                "webmozart/assert": "^1"
            },
            "require-dev": {
                "friendsofphp/php-cs-fixer": "^1.9",
                "macfja/phar-builder": "^0.2.5",
                "phpunit/phpunit": "^4|^5"
            },
            "type": "library",
            "extra": {
                "phar-builder": {
                    "compression": "GZip",
                    "name": "acme-client.phar",
                    "output-dir": "build",
                    "include": [
                        "info",
                        "src",
                        "vendor/kelunik/acme/res",
                        "vendor/amphp/socket/var"
                    ],
                    "entry-point": "bin/acme",
                    "events": {
                        "command.package.start": [
                            "mkdir -p info",
                            "git describe --tags > info/build.version",
                            "php -r 'echo time();' > info/build.time"
                        ],
                        "command.package.end": [
                            "rm -rf info",
                            "chmod +x build/acme-client.phar"
                        ]
                    }
                }
            },
            "autoload": {
                "psr-4": {
                    "Kelunik\\AcmeClient\\": "src"
                },
                "files": [
                    "src/functions.php"
                ]
            },
            "notification-url": "https://packagist.org/downloads/",
            "license": [
                "MIT"
            ],
            "authors": [
                {
                    "name": "Niklas Keller",
                    "email": "me@kelunik.com"
                }
            ],
            "description": "Let's Encrypt / ACME client written in PHP for the CLI.",
            "keywords": [
                "ACME",
                "certificate",
                "encryption",
                "https",
                "letsencrypt",
                "ssl",
                "tls"
            ],
            "time": "2017-05-10 08:22:51"
        },
        {
            "name": "kelunik/certificate",
            "version": "v1.1.1",
            "source": {
                "type": "git",
                "url": "https://github.com/kelunik/certificate.git",
                "reference": "524fa432ed1b5f50efbe7749f3c19e28a9866bc7"
            },
            "dist": {
                "type": "zip",
                "url": "https://api.github.com/repos/kelunik/certificate/zipball/524fa432ed1b5f50efbe7749f3c19e28a9866bc7",
                "reference": "524fa432ed1b5f50efbe7749f3c19e28a9866bc7",
                "shasum": ""
            },
            "require": {
                "ext-openssl": "*",
                "php": "^5.4 | ^7.0"
            },
            "require-dev": {
                "fabpot/php-cs-fixer": "^1.9",
                "phpunit/phpunit": "^4.8"
            },
            "type": "library",
            "autoload": {
                "psr-4": {
                    "Kelunik\\Certificate\\": "lib"
                }
            },
            "notification-url": "https://packagist.org/downloads/",
            "license": [
                "MIT"
            ],
            "authors": [
                {
                    "name": "Niklas Keller",
                    "email": "me@kelunik.com"
                }
            ],
            "description": "Access certificate details and transform between different formats.",
            "keywords": [
                "DER",
                "certificate",
                "certificates",
                "openssl",
                "pem",
                "x509"
            ],
            "time": "2017-07-04 19:37:30"
        },
        {
            "name": "league/climate",
            "version": "3.2.1",
            "source": {
                "type": "git",
                "url": "https://github.com/thephpleague/climate.git",
                "reference": "b103fc8faa3780c802cc507d5f0ff534ecc94fb5"
            },
            "dist": {
                "type": "zip",
                "url": "https://api.github.com/repos/thephpleague/climate/zipball/b103fc8faa3780c802cc507d5f0ff534ecc94fb5",
                "reference": "b103fc8faa3780c802cc507d5f0ff534ecc94fb5",
                "shasum": ""
            },
            "require": {
                "php": ">=5.4.0",
                "seld/cli-prompt": "~1.0"
            },
            "require-dev": {
                "mikey179/vfsstream": "~1.4",
                "mockery/mockery": "~0.9",
                "phpunit/phpunit": "~4.6"
            },
            "type": "library",
            "autoload": {
                "psr-4": {
                    "League\\CLImate\\": "src/"
                }
            },
            "notification-url": "https://packagist.org/downloads/",
            "license": [
                "MIT"
            ],
            "authors": [
                {
                    "name": "Joe Tannenbaum",
                    "email": "hey@joe.codes",
                    "homepage": "http://joe.codes/",
                    "role": "Developer"
                }
            ],
            "description": "PHP's best friend for the terminal. CLImate allows you to easily output colored text, special formats, and more.",
            "keywords": [
                "cli",
                "colors",
                "command",
                "php",
                "terminal"
            ],
            "time": "2016-04-04 20:24:59"
        },
        {
            "name": "namshi/jose",
            "version": "6.1.1",
            "source": {
                "type": "git",
                "url": "https://github.com/namshi/jose.git",
                "reference": "d234ab5da058bda234efbfc231a4ff68f9c984be"
            },
            "dist": {
                "type": "zip",
                "url": "https://api.github.com/repos/namshi/jose/zipball/d234ab5da058bda234efbfc231a4ff68f9c984be",
                "reference": "d234ab5da058bda234efbfc231a4ff68f9c984be",
                "shasum": ""
            },
            "require": {
                "ext-date": "*",
                "ext-hash": "*",
                "ext-json": "*",
                "ext-openssl": "*",
                "ext-pcre": "*",
                "ext-spl": "*",
                "php": ">=5.5",
                "phpseclib/phpseclib": "^2.0",
                "symfony/polyfill-php56": "^1.0"
            },
            "require-dev": {
                "phpunit/phpunit": "^4.5|^5.0",
                "satooshi/php-coveralls": "^1.0"
            },
            "type": "library",
            "autoload": {
                "psr-4": {
                    "Namshi\\JOSE\\": "src/Namshi/JOSE/"
                }
            },
            "notification-url": "https://packagist.org/downloads/",
            "license": [
                "MIT"
            ],
            "authors": [
                {
                    "name": "Alessandro Nadalin",
                    "email": "alessandro.nadalin@gmail.com"
                },
                {
                    "name": "Alessandro Cinelli (cirpo)",
                    "email": "alessandro.cinelli@gmail.com"
                }
            ],
            "description": "JSON Object Signing and Encryption library for PHP.",
            "keywords": [
                "JSON Web Signature",
                "JSON Web Token",
                "JWS",
                "json",
                "jwt",
                "token"
            ],
            "time": "2016-01-24 11:10:26"
        },
        {
            "name": "phpseclib/phpseclib",
            "version": "2.0.9",
            "source": {
                "type": "git",
                "url": "https://github.com/phpseclib/phpseclib.git",
                "reference": "c9a3fe35e20eb6eeaca716d6a23cde03f52d1558"
            },
            "dist": {
                "type": "zip",
                "url": "https://api.github.com/repos/phpseclib/phpseclib/zipball/c9a3fe35e20eb6eeaca716d6a23cde03f52d1558",
                "reference": "c9a3fe35e20eb6eeaca716d6a23cde03f52d1558",
                "shasum": ""
            },
            "require": {
                "php": ">=5.3.3"
            },
            "require-dev": {
                "phing/phing": "~2.7",
                "phpunit/phpunit": "~4.0",
                "sami/sami": "~2.0",
                "squizlabs/php_codesniffer": "~2.0"
            },
            "suggest": {
                "ext-gmp": "Install the GMP (GNU Multiple Precision) extension in order to speed up arbitrary precision integer arithmetic operations.",
                "ext-libsodium": "SSH2/SFTP can make use of some algorithms provided by the libsodium-php extension.",
                "ext-mcrypt": "Install the Mcrypt extension in order to speed up a few other cryptographic operations.",
                "ext-openssl": "Install the OpenSSL extension in order to speed up a wide variety of cryptographic operations."
            },
            "type": "library",
            "autoload": {
                "files": [
                    "phpseclib/bootstrap.php"
                ],
                "psr-4": {
                    "phpseclib\\": "phpseclib/"
                }
            },
            "notification-url": "https://packagist.org/downloads/",
            "license": [
                "MIT"
            ],
            "authors": [
                {
                    "name": "Jim Wigginton",
                    "email": "terrafrost@php.net",
                    "role": "Lead Developer"
                },
                {
                    "name": "Patrick Monnerat",
                    "email": "pm@datasphere.ch",
                    "role": "Developer"
                },
                {
                    "name": "Andreas Fischer",
                    "email": "bantu@phpbb.com",
                    "role": "Developer"
                },
                {
                    "name": "Hans-Jürgen Petrich",
                    "email": "petrich@tronic-media.com",
                    "role": "Developer"
                },
                {
                    "name": "Graham Campbell",
                    "email": "graham@alt-three.com",
                    "role": "Developer"
                }
            ],
            "description": "PHP Secure Communications Library - Pure-PHP implementations of RSA, AES, SSH2, SFTP, X.509 etc.",
            "homepage": "http://phpseclib.sourceforge.net",
            "keywords": [
                "BigInteger",
                "aes",
                "asn.1",
                "asn1",
                "blowfish",
                "crypto",
                "cryptography",
                "encryption",
                "rsa",
                "security",
                "sftp",
                "signature",
                "signing",
                "ssh",
                "twofish",
                "x.509",
                "x509"
            ],
            "time": "2017-11-29 06:38:08"
        },
        {
            "name": "rdlowrey/auryn",
            "version": "v1.4.2",
            "source": {
                "type": "git",
                "url": "https://github.com/rdlowrey/auryn.git",
                "reference": "8c4dc07943599ba84f4f89eab8cf43efeef80395"
            },
            "dist": {
                "type": "zip",
                "url": "https://api.github.com/repos/rdlowrey/auryn/zipball/8c4dc07943599ba84f4f89eab8cf43efeef80395",
                "reference": "8c4dc07943599ba84f4f89eab8cf43efeef80395",
                "shasum": ""
            },
            "require": {
                "php": ">=5.3.0"
            },
            "require-dev": {
                "athletic/athletic": "~0.1",
                "fabpot/php-cs-fixer": "~1.9",
                "phpunit/phpunit": "^4.7"
            },
            "type": "library",
            "autoload": {
                "psr-4": {
                    "Auryn\\": "lib/"
                }
            },
            "notification-url": "https://packagist.org/downloads/",
            "license": [
                "MIT"
            ],
            "authors": [
                {
                    "name": "Dan Ackroyd",
                    "email": "Danack@basereality.com",
                    "homepage": "http://www.basereality.com",
                    "role": "Developer"
                },
                {
                    "name": "Levi Morrison",
                    "email": "levim@php.net",
                    "homepage": "http://morrisonlevi.github.com/",
                    "role": "Developer"
                },
                {
                    "name": "Daniel Lowrey",
                    "email": "rdlowrey@gmail.com",
                    "homepage": "https://github.com/rdlowrey",
                    "role": "Creator / Main Developer"
                }
            ],
            "description": "Auryn is a dependency injector for bootstrapping object-oriented PHP applications.",
            "homepage": "https://github.com/rdlowrey/auryn",
            "keywords": [
                "dependency injection",
                "dic",
                "ioc"
            ],
            "time": "2017-05-15 06:26:46"
        },
        {
            "name": "ronindesign/sslic",
            "version": "dev-master",
            "source": {
                "type": "git",
                "url": "https://github.com/ronindesign/sslic.git",
                "reference": "78898ad71e1d46e8c8fee9bcd1c108963c8c2666"
            },
            "dist": {
                "type": "zip",
                "url": "https://api.github.com/repos/ronindesign/sslic/zipball/78898ad71e1d46e8c8fee9bcd1c108963c8c2666",
                "reference": "78898ad71e1d46e8c8fee9bcd1c108963c8c2666",
                "shasum": ""
            },
            "type": "library",
            "license": [
                "GPL-3.0"
            ],
            "authors": [
                {
                    "name": "Ronin Design",
                    "homepage": "https://github.com/ronindesign"
                }
            ],
            "description": "SSL certificate installer for Cpanel",
            "homepage": "https://github.com/ronindesign/sslic",
            "keywords": [
                "certificate",
                "cpanel",
                "letsencrypt",
                "shared hosting",
                "ssl",
                "whm"
            ],
            "support": {
                "source": "https://github.com/ronindesign/sslic/tree/master"
            },
            "time": "2017-12-22 13:02:41"
        },
        {
            "name": "sabre/uri",
            "version": "1.2.1",
            "source": {
                "type": "git",
                "url": "https://github.com/sabre-io/uri.git",
                "reference": "ada354d83579565949d80b2e15593c2371225e61"
            },
            "dist": {
                "type": "zip",
                "url": "https://api.github.com/repos/sabre-io/uri/zipball/ada354d83579565949d80b2e15593c2371225e61",
                "reference": "ada354d83579565949d80b2e15593c2371225e61",
                "shasum": ""
            },
            "require": {
                "php": ">=5.4.7"
            },
            "require-dev": {
                "phpunit/phpunit": ">=4.0,<6.0",
                "sabre/cs": "~1.0.0"
            },
            "type": "library",
            "autoload": {
                "files": [
                    "lib/functions.php"
                ],
                "psr-4": {
                    "Sabre\\Uri\\": "lib/"
                }
            },
            "notification-url": "https://packagist.org/downloads/",
            "license": [
                "BSD-3-Clause"
            ],
            "authors": [
                {
                    "name": "Evert Pot",
                    "email": "me@evertpot.com",
                    "homepage": "http://evertpot.com/",
                    "role": "Developer"
                }
            ],
            "description": "Functions for making sense out of URIs.",
            "homepage": "http://sabre.io/uri/",
            "keywords": [
                "rfc3986",
                "uri",
                "url"
            ],
            "time": "2017-02-20 19:59:28"
        },
        {
            "name": "seld/cli-prompt",
            "version": "1.0.3",
            "source": {
                "type": "git",
                "url": "https://github.com/Seldaek/cli-prompt.git",
                "reference": "a19a7376a4689d4d94cab66ab4f3c816019ba8dd"
            },
            "dist": {
                "type": "zip",
                "url": "https://api.github.com/repos/Seldaek/cli-prompt/zipball/a19a7376a4689d4d94cab66ab4f3c816019ba8dd",
                "reference": "a19a7376a4689d4d94cab66ab4f3c816019ba8dd",
                "shasum": ""
            },
            "require": {
                "php": ">=5.3"
            },
            "type": "library",
            "extra": {
                "branch-alias": {
                    "dev-master": "1.x-dev"
                }
            },
            "autoload": {
                "psr-4": {
                    "Seld\\CliPrompt\\": "src/"
                }
            },
            "notification-url": "https://packagist.org/downloads/",
            "license": [
                "MIT"
            ],
            "authors": [
                {
                    "name": "Jordi Boggiano",
                    "email": "j.boggiano@seld.be"
                }
            ],
            "description": "Allows you to prompt for user input on the command line, and optionally hide the characters they type",
            "keywords": [
                "cli",
                "console",
                "hidden",
                "input",
                "prompt"
            ],
            "time": "2017-03-18 11:32:45"
        },
        {
            "name": "symfony/polyfill-php56",
            "version": "v1.6.0",
            "source": {
                "type": "git",
                "url": "https://github.com/symfony/polyfill-php56.git",
                "reference": "265fc96795492430762c29be291a371494ba3a5b"
            },
            "dist": {
                "type": "zip",
                "url": "https://api.github.com/repos/symfony/polyfill-php56/zipball/265fc96795492430762c29be291a371494ba3a5b",
                "reference": "265fc96795492430762c29be291a371494ba3a5b",
                "shasum": ""
            },
            "require": {
                "php": ">=5.3.3",
                "symfony/polyfill-util": "~1.0"
            },
            "type": "library",
            "extra": {
                "branch-alias": {
                    "dev-master": "1.6-dev"
                }
            },
            "autoload": {
                "psr-4": {
                    "Symfony\\Polyfill\\Php56\\": ""
                },
                "files": [
                    "bootstrap.php"
                ]
            },
            "notification-url": "https://packagist.org/downloads/",
            "license": [
                "MIT"
            ],
            "authors": [
                {
                    "name": "Nicolas Grekas",
                    "email": "p@tchwork.com"
                },
                {
                    "name": "Symfony Community",
                    "homepage": "https://symfony.com/contributors"
                }
            ],
            "description": "Symfony polyfill backporting some PHP 5.6+ features to lower PHP versions",
            "homepage": "https://symfony.com",
            "keywords": [
                "compatibility",
                "polyfill",
                "portable",
                "shim"
            ],
            "time": "2017-10-11 12:05:26"
        },
        {
            "name": "symfony/polyfill-util",
            "version": "v1.6.0",
            "source": {
                "type": "git",
                "url": "https://github.com/symfony/polyfill-util.git",
                "reference": "6e719200c8e540e0c0effeb31f96bdb344b94176"
            },
            "dist": {
                "type": "zip",
                "url": "https://api.github.com/repos/symfony/polyfill-util/zipball/6e719200c8e540e0c0effeb31f96bdb344b94176",
                "reference": "6e719200c8e540e0c0effeb31f96bdb344b94176",
                "shasum": ""
            },
            "require": {
                "php": ">=5.3.3"
            },
            "type": "library",
            "extra": {
                "branch-alias": {
                    "dev-master": "1.6-dev"
                }
            },
            "autoload": {
                "psr-4": {
                    "Symfony\\Polyfill\\Util\\": ""
                }
            },
            "notification-url": "https://packagist.org/downloads/",
            "license": [
                "MIT"
            ],
            "authors": [
                {
                    "name": "Nicolas Grekas",
                    "email": "p@tchwork.com"
                },
                {
                    "name": "Symfony Community",
                    "homepage": "https://symfony.com/contributors"
                }
            ],
            "description": "Symfony utilities for portability of PHP codes",
            "homepage": "https://symfony.com",
            "keywords": [
                "compat",
                "compatibility",
                "polyfill",
                "shim"
            ],
            "time": "2017-10-11 12:05:26"
        },
        {
            "name": "symfony/yaml",
            "version": "v3.4.2",
            "source": {
                "type": "git",
                "url": "https://github.com/symfony/yaml.git",
                "reference": "afe0cd38486505c9703707707d91450cfc1bd536"
            },
            "dist": {
                "type": "zip",
                "url": "https://api.github.com/repos/symfony/yaml/zipball/afe0cd38486505c9703707707d91450cfc1bd536",
                "reference": "afe0cd38486505c9703707707d91450cfc1bd536",
                "shasum": ""
            },
            "require": {
                "php": "^5.5.9|>=7.0.8"
            },
            "conflict": {
                "symfony/console": "<3.4"
            },
            "require-dev": {
                "symfony/console": "~3.4|~4.0"
            },
            "suggest": {
                "symfony/console": "For validating YAML files using the lint command"
            },
            "type": "library",
            "extra": {
                "branch-alias": {
                    "dev-master": "3.4-dev"
                }
            },
            "autoload": {
                "psr-4": {
                    "Symfony\\Component\\Yaml\\": ""
                },
                "exclude-from-classmap": [
                    "/Tests/"
                ]
            },
            "notification-url": "https://packagist.org/downloads/",
            "license": [
                "MIT"
            ],
            "authors": [
                {
                    "name": "Fabien Potencier",
                    "email": "fabien@symfony.com"
                },
                {
                    "name": "Symfony Community",
                    "homepage": "https://symfony.com/contributors"
                }
            ],
            "description": "Symfony Yaml Component",
            "homepage": "https://symfony.com",
            "time": "2017-12-11 20:38:23"
        },
        {
            "name": "webmozart/assert",
            "version": "1.2.0",
            "source": {
                "type": "git",
                "url": "https://github.com/webmozart/assert.git",
                "reference": "2db61e59ff05fe5126d152bd0655c9ea113e550f"
            },
            "dist": {
                "type": "zip",
                "url": "https://api.github.com/repos/webmozart/assert/zipball/2db61e59ff05fe5126d152bd0655c9ea113e550f",
                "reference": "2db61e59ff05fe5126d152bd0655c9ea113e550f",
                "shasum": ""
            },
            "require": {
                "php": "^5.3.3 || ^7.0"
            },
            "require-dev": {
                "phpunit/phpunit": "^4.6",
                "sebastian/version": "^1.0.1"
            },
            "type": "library",
            "extra": {
                "branch-alias": {
                    "dev-master": "1.3-dev"
                }
            },
            "autoload": {
                "psr-4": {
                    "Webmozart\\Assert\\": "src/"
                }
            },
            "notification-url": "https://packagist.org/downloads/",
            "license": [
                "MIT"
            ],
            "authors": [
                {
                    "name": "Bernhard Schussek",
                    "email": "bschussek@gmail.com"
                }
            ],
            "description": "Assertions to validate method input/output with nice error messages.",
            "keywords": [
                "assert",
                "check",
                "validate"
            ],
            "time": "2016-11-23 20:04:58"
        }
    ],
    "packages-dev": [],
    "aliases": [],
    "minimum-stability": "stable",
    "stability-flags": {
        "ronindesign/sslic": 20
    },
    "prefer-stable": false,
    "prefer-lowest": false,
    "platform": [],
    "platform-dev": []
}
